// !$*UTF8*$!
{
	archiveVersion = 1;
	classes = {
	};
	objectVersion = 77;
	objects = {

/* Begin PBXBuildFile section */
		AA11C04E2F4787AC000001A5 /* RA11yCore in Frameworks */ = {isa = PBXBuildFile; productRef = AA11C04E2F4787AB000001A5 /* RA11yCore */; };
/* End PBXBuildFile section */

/* Begin PBXContainerItemProxy section */
		44C85CA12F4787A7000C982C /* PBXContainerItemProxy */ = {
			isa = PBXContainerItemProxy;
			containerPortal = 44C85C8B2F4787A5000C982C /* Project object */;
			proxyType = 1;
			remoteGlobalIDString = 44C85C922F4787A5000C982C;
			remoteInfo = "RA11y-iOS";
		};
		44C85CAB2F4787A7000C982C /* PBXContainerItemProxy */ = {
			isa = PBXContainerItemProxy;
			containerPortal = 44C85C8B2F4787A5000C982C /* Project object */;
			proxyType = 1;
			remoteGlobalIDString = 44C85C922F4787A5000C982C;
			remoteInfo = "RA11y-iOS";
		};
/* End PBXContainerItemProxy section */

/* Begin PBXFileReference section */
		446CAB7C2F4BD4EF00CF28C9 /* RA11y-tvOS.xcodeproj */ = {isa = PBXFileReference; lastKnownFileType = "wrapper.pb-project"; name = "RA11y-tvOS.xcodeproj"; path = "../RA11y-tvOS/RA11y-tvOS.xcodeproj"; sourceTree = SOURCE_ROOT; };
		44C85C932F4787A5000C982C /* RA11y-iOS.app */ = {isa = PBXFileReference; explicitFileType = wrapper.application; includeInIndex = 0; path = "RA11y-iOS.app"; sourceTree = BUILT_PRODUCTS_DIR; };
		44C85CA02F4787A7000C982C /* RA11y-iOSTests.xctest */ = {isa = PBXFileReference; explicitFileType = wrapper.cfbundle; includeInIndex = 0; path = "RA11y-iOSTests.xctest"; sourceTree = BUILT_PRODUCTS_DIR; };
		44C85CAA2F4787A7000C982C /* RA11y-iOSUITests.xctest */ = {isa = PBXFileReference; explicitFileType = wrapper.cfbundle; includeInIndex = 0; path = "RA11y-iOSUITests.xctest"; sourceTree = BUILT_PRODUCTS_DIR; };
/* End PBXFileReference section */

/* Begin PBXFileSystemSynchronizedRootGroup section */
		44C85C952F4787A5000C982C /* RA11y-iOS */ = {
			isa = PBXFileSystemSynchronizedRootGroup;
			path = "RA11y-iOS";
			sourceTree = "<group>";
		};
		44C85CA32F4787A7000C982C /* RA11y-iOSTests */ = {
			isa = PBXFileSystemSynchronizedRootGroup;
			path = "RA11y-iOSTests";
			sourceTree = "<group>";
		};
		44C85CAD2F4787A7000C982C /* RA11y-iOSUITests */ = {
			isa = PBXFileSystemSynchronizedRootGroup;
			path = "RA11y-iOSUITests";
			sourceTree = "<group>";
		};
/* End PBXFileSystemSynchronizedRootGroup section */

/* Begin PBXFrameworksBuildPhase section */
		44C85C902F4787A5000C982C /* Frameworks */ = {
			isa = PBXFrameworksBuildPhase;
			buildActionMask = 2147483647;
			files = (
				AA11C04E2F4787AC000001A5 /* RA11yCore in Frameworks */,
			);
			runOnlyForDeploymentPostprocessing = 0;
		};
		44C85C9D2F4787A7000C982C /* Frameworks */ = {
			isa = PBXFrameworksBuildPhase;
			buildActionMask = 2147483647;
			files = (
			);
			runOnlyForDeploymentPostprocessing = 0;
		};
		44C85CA72F4787A7000C982C /* Frameworks */ = {
			isa = PBXFrameworksBuildPhase;
			buildActionMask = 2147483647;
			files = (
			);
			runOnlyForDeploymentPostprocessing = 0;
		};
/* End PBXFrameworksBuildPhase section */

/* Begin PBXGroup section */
		446CAB7F2F4BD4F000CF28C9 /* Products */ = {
			isa = PBXGroup;
			children = (
			);
			name = Products;
			sourceTree = "<group>";
		};
		44C85C8A2F4787A5000C982C = {
			isa = PBXGroup;
			children = (
				446CAB7C2F4BD4EF00CF28C9 /* RA11y-tvOS.xcodeproj */,
				44C85C952F4787A5000C982C /* RA11y-iOS */,
				44C85CA32F4787A7000C982C /* RA11y-iOSTests */,
				44C85CAD2F4787A7000C982C /* RA11y-iOSUITests */,
				44C85C942F4787A5000C982C /* Products */,
			);
			sourceTree = "<group>";
		};
		44C85C942F4787A5000C982C /* Products */ = {
			isa = PBXGroup;
			children = (
				44C85C932F4787A5000C982C /* RA11y-iOS.app */,
				44C85CA02F4787A7000C982C /* RA11y-iOSTests.xctest */,
				44C85CAA2F4787A7000C982C /* RA11y-iOSUITests.xctest */,
			);
			name = Products;
			sourceTree = "<group>";
		};
/* End PBXGroup section */

/* Begin PBXNativeTarget section */
		44C85C922F4787A5000C982C /* RA11y-iOS */ = {
			isa = PBXNativeTarget;
			buildConfigurationList = 44C85CB42F4787A7000C982C /* Build configuration list for PBXNativeTarget "RA11y-iOS" */;
			buildPhases = (
				44C85C8F2F4787A5000C982C /* Sources */,
				44C85C902F4787A5000C982C /* Frameworks */,
				44C85C912F4787A5000C982C /* Resources */,
			);
			buildRules = (
			);
			dependencies = (
			);
			fileSystemSynchronizedGroups = (
				44C85C952F4787A5000C982C /* RA11y-iOS */,
			);
			name = "RA11y-iOS";
			packageProductDependencies = (
				AA11C04E2F4787AB000001A5 /* RA11yCore */,
			);
			productName = "RA11y-iOS";
			productReference = 44C85C932F4787A5000C982C /* RA11y-iOS.app */;
			productType = "com.apple.product-type.application";
		};
		44C85C9F2F4787A7000C982C /* RA11y-iOSTests */ = {
			isa = PBXNativeTarget;
			buildConfigurationList = 44C85CB72F4787A7000C982C /* Build configuration list for PBXNativeTarget "RA11y-iOSTests" */;
			buildPhases = (
				44C85C9C2F4787A7000C982C /* Sources */,
				44C85C9D2F4787A7000C982C /* Frameworks */,
				44C85C9E2F4787A7000C982C /* Resources */,
			);
			buildRules = (
			);
			dependencies = (
				44C85CA22F4787A7000C982C /* PBXTargetDependency */,
			);
			fileSystemSynchronizedGroups = (
				44C85CA32F4787A7000C982C /* RA11y-iOSTests */,
			);
			name = "RA11y-iOSTests";
			packageProductDependencies = (
			);
			productName = "RA11y-iOSTests";
			productReference = 44C85CA02F4787A7000C982C /* RA11y-iOSTests.xctest */;
			productType = "com.apple.product-type.bundle.unit-test";
		};
		44C85CA92F4787A7000C982C /* RA11y-iOSUITests */ = {
			isa = PBXNativeTarget;
			buildConfigurationList = 44C85CBA2F4787A7000C982C /* Build configuration list for PBXNativeTarget "RA11y-iOSUITests" */;
			buildPhases = (
				44C85CA62F4787A7000C982C /* Sources */,
				44C85CA72F4787A7000C982C /* Frameworks */,
				44C85CA82F4787A7000C982C /* Resources */,
			);
			buildRules = (
			);
			dependencies = (
				44C85CAC2F4787A7000C982C /* PBXTargetDependency */,
			);
			fileSystemSynchronizedGroups = (
				44C85CAD2F4787A7000C982C /* RA11y-iOSUITests */,
			);
			name = "RA11y-iOSUITests";
			packageProductDependencies = (
			);
			productName = "RA11y-iOSUITests";
			productReference = 44C85CAA2F4787A7000C982C /* RA11y-iOSUITests.xctest */;
			productType = "com.apple.product-type.bundle.ui-testing";
		};
/* End PBXNativeTarget section */

/* Begin PBXProject section */
		44C85C8B2F4787A5000C982C /* Project object */ = {
			isa = PBXProject;
			attributes = {
				BuildIndependentTargetsInParallel = 1;
				LastSwiftUpdateCheck = 2620;
				LastUpgradeCheck = 2620;
				TargetAttributes = {
					44C85C922F4787A5000C982C = {
						CreatedOnToolsVersion = 26.2;
					};
					44C85C9F2F4787A7000C982C = {
						CreatedOnToolsVersion = 26.2;
						TestTargetID = 44C85C922F4787A5000C982C;
					};
					44C85CA92F4787A7000C982C = {
						CreatedOnToolsVersion = 26.2;
						TestTargetID = 44C85C922F4787A5000C982C;
					};
				};
			};
			buildConfigurationList = 44C85C8E2F4787A5000C982C /* Build configuration list for PBXProject "RA11y-iOS" */;
			developmentRegion = en;
			hasScannedForEncodings = 0;
			knownRegions = (
				en,
				Base,
			);
			mainGroup = 44C85C8A2F4787A5000C982C;
			minimizedProjectReferenceProxies = 1;
			packageReferences = (
				AA11C04E2F4787AA000001A5 /* XCLocalSwiftPackageReference "../RA11yCore" */,
			);
			preferredProjectObjectVersion = 77;
			productRefGroup = 44C85C942F4787A5000C982C /* Products */;
			projectDirPath = "";
			projectReferences = (
				{
					ProductGroup = 446CAB7F2F4BD4F000CF28C9 /* Products */;
					ProjectRef = 446CAB7C2F4BD4EF00CF28C9 /* RA11y-tvOS.xcodeproj */;
				},
			);
			projectRoot = "";
			targets = (
				44C85C922F4787A5000C982C /* RA11y-iOS */,
				44C85C9F2F4787A7000C982C /* RA11y-iOSTests */,
				44C85CA92F4787A7000C982C /* RA11y-iOSUITests */,
			);
		};
/* End PBXProject section */

/* Begin PBXResourcesBuildPhase section */
		44C85C912F4787A5000C982C /* Resources */ = {
			isa = PBXResourcesBuildPhase;
			buildActionMask = 2147483647;
			files = (
			);
			runOnlyForDeploymentPostprocessing = 0;
		};
		44C85C9E2F4787A7000C982C /* Resources */ = {
			isa = PBXResourcesBuildPhase;
			buildActionMask = 2147483647;
			files = (
			);
			runOnlyForDeploymentPostprocessing = 0;
		};
		44C85CA82F4787A7000C982C /* Resources */ = {
			isa = PBXResourcesBuildPhase;
			buildActionMask = 2147483647;
			files = (
			);
			runOnlyForDeploymentPostprocessing = 0;
		};
/* End PBXResourcesBuildPhase section */

/* Begin PBXSourcesBuildPhase section */
		44C85C8F2F4787A5000C982C /* Sources */ = {
			isa = PBXSourcesBuildPhase;
			buildActionMask = 2147483647;
			files = (
			);
			runOnlyForDeploymentPostprocessing = 0;
		};
		44C85C9C2F4787A7000C982C /* Sources */ = {
			isa = PBXSourcesBuildPhase;
			buildActionMask = 2147483647;
			files = (
			);
			runOnlyForDeploymentPostprocessing = 0;
		};
		44C85CA62F4787A7000C982C /* Sources */ = {
			isa = PBXSourcesBuildPhase;
			buildActionMask = 2147483647;
			files = (
			);
			runOnlyForDeploymentPostprocessing = 0;
		};
/* End PBXSourcesBuildPhase section */

/* Begin PBXTargetDependency section */
		44C85CA22F4787A7000C982C /* PBXTargetDependency */ = {
			isa = PBXTargetDependency;
			target = 44C85C922F4787A5000C982C /* RA11y-iOS */;
			targetProxy = 44C85CA12F4787A7000C982C /* PBXContainerItemProxy */;
		};
		44C85CAC2F4787A7000C982C /* PBXTargetDependency */ = {
			isa = PBXTargetDependency;
			target = 44C85C922F4787A5000C982C /* RA11y-iOS */;
			targetProxy = 44C85CAB2F4787A7000C982C /* PBXContainerItemProxy */;
		};
/* End PBXTargetDependency section */

/* Begin XCBuildConfiguration section */
		44C85CB22F4787A7000C982C /* Debug */ = {
			isa = XCBuildConfiguration;
			buildSettings = {
				ALWAYS_SEARCH_USER_PATHS = NO;
				ASSETCATALOG_COMPILER_GENERATE_SWIFT_ASSET_SYMBOL_EXTENSIONS = YES;
				CLANG_ANALYZER_NONNULL = YES;
				CLANG_ANALYZER_NUMBER_OBJECT_CONVERSION = YES_AGGRESSIVE;
				CLANG_CXX_LANGUAGE_STANDARD = "gnu++20";
				CLANG_ENABLE_MODULES = YES;
				CLANG_ENABLE_OBJC_ARC = YES;
				CLANG_ENABLE_OBJC_WEAK = YES;
				CLANG_WARN_BLOCK_CAPTURE_AUTORELEASING = YES;
				CLANG_WARN_BOOL_CONVERSION = YES;
				CLANG_WARN_COMMA = YES;
				CLANG_WARN_CONSTANT_CONVERSION = YES;
				CLANG_WARN_DEPRECATED_OBJC_IMPLEMENTATIONS = YES;
				CLANG_WARN_DIRECT_OBJC_ISA_USAGE = YES_ERROR;
				CLANG_WARN_DOCUMENTATION_COMMENTS = YES;
				CLANG_WARN_EMPTY_BODY = YES;
				CLANG_WARN_ENUM_CONVERSION = YES;
				CLANG_WARN_INFINITE_RECURSION = YES;
				CLANG_WARN_INT_CONVERSION = YES;
				CLANG_WARN_NON_LITERAL_NULL_CONVERSION = YES;
				CLANG_WARN_OBJC_IMPLICIT_RETAIN_SELF = YES;
				CLANG_WARN_OBJC_LITERAL_CONVERSION = YES;
				CLANG_WARN_OBJC_ROOT_CLASS = YES_ERROR;
				CLANG_WARN_QUOTED_INCLUDE_IN_FRAMEWORK_HEADER = YES;
				CLANG_WARN_RANGE_LOOP_ANALYSIS = YES;
				CLANG_WARN_STRICT_PROTOTYPES = YES;
				CLANG_WARN_SUSPICIOUS_MOVE = YES;
				CLANG_WARN_UNGUARDED_AVAILABILITY = YES_AGGRESSIVE;
				CLANG_WARN_UNREACHABLE_CODE = YES;
				CLANG_WARN__DUPLICATE_METHOD_MATCH = YES;
				COPY_PHASE_STRIP = NO;
				DEBUG_INFORMATION_FORMAT = dwarf;
				DEVELOPMENT_TEAM = RWZ25NGH8K;
				ENABLE_STRICT_OBJC_MSGSEND = YES;
				ENABLE_TESTABILITY = YES;
				ENABLE_USER_SCRIPT_SANDBOXING = YES;
				GCC_C_LANGUAGE_STANDARD = gnu17;
				GCC_DYNAMIC_NO_PIC = NO;
				GCC_NO_COMMON_BLOCKS = YES;
				GCC_OPTIMIZATION_LEVEL = 0;
				GCC_PREPROCESSOR_DEFINITIONS = (
					"DEBUG=1",
					"$(inherited)",
				);
				GCC_WARN_64_TO_32_BIT_CONVERSION = YES;
				GCC_WARN_ABOUT_RETURN_TYPE = YES_ERROR;
				GCC_WARN_UNDECLARED_SELECTOR = YES;
				GCC_WARN_UNINITIALIZED_AUTOS = YES_AGGRESSIVE;
				GCC_WARN_UNUSED_FUNCTION = YES;
				GCC_WARN_UNUSED_VARIABLE = YES;
				IPHONEOS_DEPLOYMENT_TARGET = 18.0;
				LOCALIZATION_PREFERS_STRING_CATALOGS = YES;
				MTL_ENABLE_DEBUG_INFO = INCLUDE_SOURCE;
				MTL_FAST_MATH = YES;
				ONLY_ACTIVE_ARCH = YES;
				SDKROOT = iphoneos;
				SWIFT_ACTIVE_COMPILATION_CONDITIONS = "DEBUG $(inherited)";
				SWIFT_OPTIMIZATION_LEVEL = "-Onone";
			};
			name = Debug;
		};
		44C85CB32F4787A7000C982C /* Release */ = {
			isa = XCBuildConfiguration;
			buildSettings = {
				ALWAYS_SEARCH_USER_PATHS = NO;
				ASSETCATALOG_COMPILER_GENERATE_SWIFT_ASSET_SYMBOL_EXTENSIONS = YES;
				CLANG_ANALYZER_NONNULL = YES;
				CLANG_ANALYZER_NUMBER_OBJECT_CONVERSION = YES_AGGRESSIVE;
				CLANG_CXX_LANGUAGE_STANDARD = "gnu++20";
				CLANG_ENABLE_MODULES = YES;
				CLANG_ENABLE_OBJC_ARC = YES;
				CLANG_ENABLE_OBJC_WEAK = YES;
				CLANG_WARN_BLOCK_CAPTURE_AUTORELEASING = YES;
				CLANG_WARN_BOOL_CONVERSION = YES;
				CLANG_WARN_COMMA = YES;
				CLANG_WARN_CONSTANT_CONVERSION = YES;
				CLANG_WARN_DEPRECATED_OBJC_IMPLEMENTATIONS = YES;
				CLANG_WARN_DIRECT_OBJC_ISA_USAGE = YES_ERROR;
				CLANG_WARN_DOCUMENTATION_COMMENTS = YES;
				CLANG_WARN_EMPTY_BODY = YES;
				CLANG_WARN_ENUM_CONVERSION = YES;
				CLANG_WARN_INFINITE_RECURSION = YES;
				CLANG_WARN_INT_CONVERSION = YES;
				CLANG_WARN_NON_LITERAL_NULL_CONVERSION = YES;
				CLANG_WARN_OBJC_IMPLICIT_RETAIN_SELF = YES;
				CLANG_WARN_OBJC_LITERAL_CONVERSION = YES;
				CLANG_WARN_OBJC_ROOT_CLASS = YES_ERROR;
				CLANG_WARN_QUOTED_INCLUDE_IN_FRAMEWORK_HEADER = YES;
				CLANG_WARN_RANGE_LOOP_ANALYSIS = YES;
				CLANG_WARN_STRICT_PROTOTYPES = YES;
				CLANG_WARN_SUSPICIOUS_MOVE = YES;
				CLANG_WARN_UNGUARDED_AVAILABILITY = YES_AGGRESSIVE;
				CLANG_WARN_UNREACHABLE_CODE = YES;
				CLANG_WARN__DUPLICATE_METHOD_MATCH = YES;
				COPY_PHASE_STRIP = NO;
				DEBUG_INFORMATION_FORMAT = "dwarf-with-dsym";
				DEVELOPMENT_TEAM = RWZ25NGH8K;
				ENABLE_NS_ASSERTIONS = NO;
				ENABLE_STRICT_OBJC_MSGSEND = YES;
				ENABLE_USER_SCRIPT_SANDBOXING = YES;
				GCC_C_LANGUAGE_STANDARD = gnu17;
				GCC_NO_COMMON_BLOCKS = YES;
				GCC_WARN_64_TO_32_BIT_CONVERSION = YES;
				GCC_WARN_ABOUT_RETURN_TYPE = YES_ERROR;
				GCC_WARN_UNDECLARED_SELECTOR = YES;
				GCC_WARN_UNINITIALIZED_AUTOS = YES_AGGRESSIVE;
				GCC_WARN_UNUSED_FUNCTION = YES;
				GCC_WARN_UNUSED_VARIABLE = YES;
				IPHONEOS_DEPLOYMENT_TARGET = 18.0;
				LOCALIZATION_PREFERS_STRING_CATALOGS = YES;
				MTL_ENABLE_DEBUG_INFO = NO;
				MTL_FAST_MATH = YES;
				SDKROOT = iphoneos;
				SWIFT_COMPILATION_MODE = wholemodule;
				VALIDATE_PRODUCT = YES;
			};
			name = Release;
		};
		44C85CB52F4787A7000C982C /* Debug */ = {
			isa = XCBuildConfiguration;
			buildSettings = {
				ASSETCATALOG_COMPILER_APPICON_NAME = AppIcon;
				ASSETCATALOG_COMPILER_GLOBAL_ACCENT_COLOR_NAME = AccentColor;
				CODE_SIGN_STYLE = Automatic;
				CURRENT_PROJECT_VERSION = 1;
				DEVELOPMENT_TEAM = RWZ25NGH8K;
				ENABLE_PREVIEWS = YES;
				GENERATE_INFOPLIST_FILE = YES;
				INFOPLIST_KEY_UIApplicationSceneManifest_Generation = YES;
				INFOPLIST_KEY_UIApplicationSupportsIndirectInputEvents = YES;
				INFOPLIST_KEY_UILaunchScreen_Generation = YES;
				INFOPLIST_KEY_UISupportedInterfaceOrientations_iPad = UIInterfaceOrientationPortrait;
				INFOPLIST_KEY_UISupportedInterfaceOrientations_iPhone = UIInterfaceOrientationPortrait;
				LD_RUNPATH_SEARCH_PATHS = (
					"$(inherited)",
					"@executable_path/Frameworks",
				);
				MARKETING_VERSION = 1.0;
				PRODUCT_BUNDLE_IDENTIFIER = "com.showblender.RA11y-iOS";
				PRODUCT_NAME = "$(TARGET_NAME)";
				STRING_CATALOG_GENERATE_SYMBOLS = YES;
				SWIFT_APPROACHABLE_CONCURRENCY = YES;
				SWIFT_DEFAULT_ACTOR_ISOLATION = MainActor;
				SWIFT_EMIT_LOC_STRINGS = YES;
				SWIFT_UPCOMING_FEATURE_MEMBER_IMPORT_VISIBILITY = YES;
				SWIFT_VERSION = 6.0;
				TARGETED_DEVICE_FAMILY = "1,2";
			};
			name = Debug;
		};
		44C85CB62F4787A7000C982C /* Release */ = {
			isa = XCBuildConfiguration;
			buildSettings = {
				ASSETCATALOG_COMPILER_APPICON_NAME = AppIcon;
				ASSETCATALOG_COMPILER_GLOBAL_ACCENT_COLOR_NAME = AccentColor;
				CODE_SIGN_STYLE = Automatic;
				CURRENT_PROJECT_VERSION = 1;
				DEVELOPMENT_TEAM = RWZ25NGH8K;
				ENABLE_PREVIEWS = YES;
				GENERATE_INFOPLIST_FILE = YES;
				INFOPLIST_KEY_UIApplicationSceneManifest_Generation = YES;
				INFOPLIST_KEY_UIApplicationSupportsIndirectInputEvents = YES;
				INFOPLIST_KEY_UILaunchScreen_Generation = YES;
				INFOPLIST_KEY_UISupportedInterfaceOrientations_iPad = UIInterfaceOrientationPortrait;
				INFOPLIST_KEY_UISupportedInterfaceOrientations_iPhone = UIInterfaceOrientationPortrait;
				LD_RUNPATH_SEARCH_PATHS = (
					"$(inherited)",
					"@executable_path/Frameworks",
				);
				MARKETING_VERSION = 1.0;
				PRODUCT_BUNDLE_IDENTIFIER = "com.showblender.RA11y-iOS";
				PRODUCT_NAME = "$(TARGET_NAME)";
				STRING_CATALOG_GENERATE_SYMBOLS = YES;
				SWIFT_APPROACHABLE_CONCURRENCY = YES;
				SWIFT_DEFAULT_ACTOR_ISOLATION = MainActor;
				SWIFT_EMIT_LOC_STRINGS = YES;
				SWIFT_UPCOMING_FEATURE_MEMBER_IMPORT_VISIBILITY = YES;
				SWIFT_VERSION = 6.0;
				TARGETED_DEVICE_FAMILY = "1,2";
			};
			name = Release;
		};
		44C85CB82F4787A7000C982C /* Debug */ = {
			isa = XCBuildConfiguration;
			buildSettings = {
				BUNDLE_LOADER = "$(TEST_HOST)";
				CODE_SIGN_STYLE = Automatic;
				CURRENT_PROJECT_VERSION = 1;
				DEVELOPMENT_TEAM = RWZ25NGH8K;
				GENERATE_INFOPLIST_FILE = YES;
				IPHONEOS_DEPLOYMENT_TARGET = 18.0;
				MARKETING_VERSION = 1.0;
				PRODUCT_BUNDLE_IDENTIFIER = "com.showblender.RA11y-iOSTests";
				PRODUCT_NAME = "$(TARGET_NAME)";
				STRING_CATALOG_GENERATE_SYMBOLS = NO;
				SWIFT_APPROACHABLE_CONCURRENCY = YES;
				SWIFT_EMIT_LOC_STRINGS = NO;
				SWIFT_UPCOMING_FEATURE_MEMBER_IMPORT_VISIBILITY = YES;
				SWIFT_VERSION = 6.0;
				TARGETED_DEVICE_FAMILY = "1,2";
				TEST_HOST = "$(BUILT_PRODUCTS_DIR)/RA11y-iOS.app/$(BUNDLE_EXECUTABLE_FOLDER_PATH)/RA11y-iOS";
			};
			name = Debug;
		};
		44C85CB92F4787A7000C982C /* Release */ = {
			isa = XCBuildConfiguration;
			buildSettings = {
				BUNDLE_LOADER = "$(TEST_HOST)";
				CODE_SIGN_STYLE = Automatic;
				CURRENT_PROJECT_VERSION = 1;
				DEVELOPMENT_TEAM = RWZ25NGH8K;
				GENERATE_INFOPLIST_FILE = YES;
				IPHONEOS_DEPLOYMENT_TARGET = 18.0;
				MARKETING_VERSION = 1.0;
				PRODUCT_BUNDLE_IDENTIFIER = "com.showblender.RA11y-iOSTests";
				PRODUCT_NAME = "$(TARGET_NAME)";
				STRING_CATALOG_GENERATE_SYMBOLS = NO;
				SWIFT_APPROACHABLE_CONCURRENCY = YES;
				SWIFT_EMIT_LOC_STRINGS = NO;
				SWIFT_UPCOMING_FEATURE_MEMBER_IMPORT_VISIBILITY = YES;
				SWIFT_VERSION = 6.0;
				TARGETED_DEVICE_FAMILY = "1,2";
				TEST_HOST = "$(BUILT_PRODUCTS_DIR)/RA11y-iOS.app/$(BUNDLE_EXECUTABLE_FOLDER_PATH)/RA11y-iOS";
			};
			name = Release;
		};
		44C85CBB2F4787A7000C982C /* Debug */ = {
			isa = XCBuildConfiguration;
			buildSettings = {
				CODE_SIGN_STYLE = Automatic;
				CURRENT_PROJECT_VERSION = 1;
				DEVELOPMENT_TEAM = RWZ25NGH8K;
				GENERATE_INFOPLIST_FILE = YES;
				MARKETING_VERSION = 1.0;
				PRODUCT_BUNDLE_IDENTIFIER = "com.showblender.RA11y-iOSUITests";
				PRODUCT_NAME = "$(TARGET_NAME)";
				STRING_CATALOG_GENERATE_SYMBOLS = NO;
				SWIFT_APPROACHABLE_CONCURRENCY = YES;
				SWIFT_EMIT_LOC_STRINGS = NO;
				SWIFT_UPCOMING_FEATURE_MEMBER_IMPORT_VISIBILITY = YES;
				SWIFT_VERSION = 6.0;
				TARGETED_DEVICE_FAMILY = "1,2";
				TEST_TARGET_NAME = "RA11y-iOS";
			};
			name = Debug;
		};
		44C85CBC2F4787A7000C982C /* Release */ = {
			isa = XCBuildConfiguration;
			buildSettings = {
				CODE_SIGN_STYLE = Automatic;
				CURRENT_PROJECT_VERSION = 1;
				DEVELOPMENT_TEAM = RWZ25NGH8K;
				GENERATE_INFOPLIST_FILE = YES;
				MARKETING_VERSION = 1.0;
				PRODUCT_BUNDLE_IDENTIFIER = "com.showblender.RA11y-iOSUITests";
				PRODUCT_NAME = "$(TARGET_NAME)";
				STRING_CATALOG_GENERATE_SYMBOLS = NO;
				SWIFT_APPROACHABLE_CONCURRENCY = YES;
				SWIFT_EMIT_LOC_STRINGS = NO;
				SWIFT_UPCOMING_FEATURE_MEMBER_IMPORT_VISIBILITY = YES;
				SWIFT_VERSION = 6.0;
				TARGETED_DEVICE_FAMILY = "1,2";
				TEST_TARGET_NAME = "RA11y-iOS";
			};
			name = Release;
		};
/* End XCBuildConfiguration section */

/* Begin XCConfigurationList section */
		44C85C8E2F4787A5000C982C /* Build configuration list for PBXProject "RA11y-iOS" */ = {
			isa = XCConfigurationList;
			buildConfigurations = (
				44C85CB22F4787A7000C982C /* Debug */,
				44C85CB32F4787A7000C982C /* Release */,
			);
			defaultConfigurationIsVisible = 0;
			defaultConfigurationName = Release;
		};
		44C85CB42F4787A7000C982C /* Build configuration list for PBXNativeTarget "RA11y-iOS" */ = {
			isa = XCConfigurationList;
			buildConfigurations = (
				44C85CB52F4787A7000C982C /* Debug */,
				44C85CB62F4787A7000C982C /* Release */,
			);
			defaultConfigurationIsVisible = 0;
			defaultConfigurationName = Release;
		};
		44C85CB72F4787A7000C982C /* Build configuration list for PBXNativeTarget "RA11y-iOSTests" */ = {
			isa = XCConfigurationList;
			buildConfigurations = (
				44C85CB82F4787A7000C982C /* Debug */,
				44C85CB92F4787A7000C982C /* Release */,
			);
			defaultConfigurationIsVisible = 0;
			defaultConfigurationName = Release;
		};
		44C85CBA2F4787A7000C982C /* Build configuration list for PBXNativeTarget "RA11y-iOSUITests" */ = {
			isa = XCConfigurationList;
			buildConfigurations = (
				44C85CBB2F4787A7000C982C /* Debug */,
				44C85CBC2F4787A7000C982C /* Release */,
			);
			defaultConfigurationIsVisible = 0;
			defaultConfigurationName = Release;
		};
/* End XCConfigurationList section */

/* Begin XCLocalSwiftPackageReference section */
		AA11C04E2F4787AA000001A5 /* XCLocalSwiftPackageReference "../RA11yCore" */ = {
			isa = XCLocalSwiftPackageReference;
			relativePath = ../RA11yCore;
		};
/* End XCLocalSwiftPackageReference section */

/* Begin XCSwiftPackageProductDependency section */
		AA11C04E2F4787AB000001A5 /* RA11yCore */ = {
			isa = XCSwiftPackageProductDependency;
			package = AA11C04E2F4787AA000001A5 /* XCLocalSwiftPackageReference "../RA11yCore" */;
			productName = RA11yCore;
		};
/* End XCSwiftPackageProductDependency section */
	};
	rootObject = 44C85C8B2F4787A5000C982C /* Project object */;
}
